
Microsoft Visual Studio Solution File, Format Version 12.00
# Visual Studio Version 17
VisualStudioVersion = 17.6.33829.357
MinimumVisualStudioVersion = 10.0.40219.1
Project("{FAE04EC0-301F-11D3-BF4B-00C04F79EFBC}") = "WebApplication2", "WebApplication2.csproj", "{4148A0A6-A695-4FEA-AF22-A2718B7371D0}"
EndProject
Global
	GlobalSection(SolutionConfigurationPlatforms) = preSolution
		Debug|Any CPU = Debug|Any CPU
		Release|Any CPU = Release|Any CPU
	EndGlobalSection
	GlobalSection(ProjectConfigurationPlatforms) = postSolution
		{4148A0A6-A695-4FEA-AF22-A2718B7371D0}.Debug|Any CPU.ActiveCfg = Debug|Any CPU
		{4148A0A6-A695-4FEA-AF22-A2718B7371D0}.Debug|Any CPU.Build.0 = Debug|Any CPU
		{4148A0A6-A695-4FEA-AF22-A2718B7371D0}.Release|Any CPU.ActiveCfg = Release|Any CPU
		{4148A0A6-A695-4FEA-AF22-A2718B7371D0}.Release|Any CPU.Build.0 = Release|Any CPU
	EndGlobalSection
	GlobalSection(SolutionProperties) = preSolution
		HideSolutionNode = FALSE
	EndGlobalSection
	GlobalSection(ExtensibilityGlobals) = postSolution
		SolutionGuid = {7F01CEAA-9D95-4543-971C-68C068A40DE5}
	EndGlobalSection
EndGlobal
